
Microsoft Visual Studio Solution File, Format Version 12.00
# Visual Studio Version 17
VisualStudioVersion = 17.3.32804.467
MinimumVisualStudioVersion = 10.0.40219.1
Project("{FAE04EC0-301F-11D3-BF4B-00C04F79EFBC}") = "FluentPocket", "FluentPocket\FluentPocket.csproj", "{5D5BEA2A-3450-4C82-8526-7F0D4E1A3494}"
	ProjectSection(ProjectDependencies) = postProject
		{B0C347CD-E19D-4541-AFC3-BC079867FF26} = {B0C347CD-E19D-4541-AFC3-BC079867FF26}
	EndProjectSection
EndProject
Project("{9A19103F-16F7-4668-BE54-9A1E7A4F7556}") = "Logger", "Logger\Logger.csproj", "{E6F71B6B-ECF9-4303-AFD0-1F02BCAAA83B}"
EndProject
Project("{FAE04EC0-301F-11D3-BF4B-00C04F79EFBC}") = "FluentPocket.UnitTest", "FluentPocket.UnitTest\FluentPocket.UnitTest.csproj", "{30FDD3F9-AADC-478E-9FF4-0D1890605A09}"
EndProject
Project("{9A19103F-16F7-4668-BE54-9A1E7A4F7556}") = "CacheManager", "CacheManager\CacheManager.csproj", "{B0C347CD-E19D-4541-AFC3-BC079867FF26}"
EndProject
Global
	GlobalSection(SolutionConfigurationPlatforms) = preSolution
		Debug|Any CPU = Debug|Any CPU
		Debug|ARM = Debug|ARM
		Debug|ARM64 = Debug|ARM64
		Debug|x64 = Debug|x64
		Debug|x86 = Debug|x86
		Release|Any CPU = Release|Any CPU
		Release|ARM = Release|ARM
		Release|ARM64 = Release|ARM64
		Release|x64 = Release|x64
		Release|x86 = Release|x86
	EndGlobalSection
	GlobalSection(ProjectConfigurationPlatforms) = postSolution
		{5D5BEA2A-3450-4C82-8526-7F0D4E1A3494}.Debug|Any CPU.ActiveCfg = Debug|x64
		{5D5BEA2A-3450-4C82-8526-7F0D4E1A3494}.Debug|Any CPU.Build.0 = Debug|x64
		{5D5BEA2A-3450-4C82-8526-7F0D4E1A3494}.Debug|Any CPU.Deploy.0 = Debug|x64
		{5D5BEA2A-3450-4C82-8526-7F0D4E1A3494}.Debug|ARM.ActiveCfg = Debug|ARM
		{5D5BEA2A-3450-4C82-8526-7F0D4E1A3494}.Debug|ARM.Build.0 = Debug|ARM
		{5D5BEA2A-3450-4C82-8526-7F0D4E1A3494}.Debug|ARM.Deploy.0 = Debug|ARM
		{5D5BEA2A-3450-4C82-8526-7F0D4E1A3494}.Debug|ARM64.ActiveCfg = Debug|ARM64
		{5D5BEA2A-3450-4C82-8526-7F0D4E1A3494}.Debug|ARM64.Build.0 = Debug|ARM64
		{5D5BEA2A-3450-4C82-8526-7F0D4E1A3494}.Debug|ARM64.Deploy.0 = Debug|ARM64
		{5D5BEA2A-3450-4C82-8526-7F0D4E1A3494}.Debug|x64.ActiveCfg = Debug|x64
		{5D5BEA2A-3450-4C82-8526-7F0D4E1A3494}.Debug|x64.Build.0 = Debug|x64
		{5D5BEA2A-3450-4C82-8526-7F0D4E1A3494}.Debug|x64.Deploy.0 = Debug|x64
		{5D5BEA2A-3450-4C82-8526-7F0D4E1A3494}.Debug|x86.ActiveCfg = Debug|x64
		{5D5BEA2A-3450-4C82-8526-7F0D4E1A3494}.Debug|x86.Build.0 = Debug|x64
		{5D5BEA2A-3450-4C82-8526-7F0D4E1A3494}.Debug|x86.Deploy.0 = Debug|x64
		{5D5BEA2A-3450-4C82-8526-7F0D4E1A3494}.Release|Any CPU.ActiveCfg = Release|x64
		{5D5BEA2A-3450-4C82-8526-7F0D4E1A3494}.Release|Any CPU.Build.0 = Release|x64
		{5D5BEA2A-3450-4C82-8526-7F0D4E1A3494}.Release|Any CPU.Deploy.0 = Release|x64
		{5D5BEA2A-3450-4C82-8526-7F0D4E1A3494}.Release|ARM.ActiveCfg = Release|ARM
		{5D5BEA2A-3450-4C82-8526-7F0D4E1A3494}.Release|ARM.Build.0 = Release|ARM
		{5D5BEA2A-3450-4C82-8526-7F0D4E1A3494}.Release|ARM.Deploy.0 = Release|ARM
		{5D5BEA2A-3450-4C82-8526-7F0D4E1A3494}.Release|ARM64.ActiveCfg = Release|ARM64
		{5D5BEA2A-3450-4C82-8526-7F0D4E1A3494}.Release|ARM64.Build.0 = Release|ARM64
		{5D5BEA2A-3450-4C82-8526-7F0D4E1A3494}.Release|ARM64.Deploy.0 = Release|ARM64
		{5D5BEA2A-3450-4C82-8526-7F0D4E1A3494}.Release|x64.ActiveCfg = Release|x64
		{5D5BEA2A-3450-4C82-8526-7F0D4E1A3494}.Release|x64.Build.0 = Release|x64
		{5D5BEA2A-3450-4C82-8526-7F0D4E1A3494}.Release|x64.Deploy.0 = Release|x64
		{5D5BEA2A-3450-4C82-8526-7F0D4E1A3494}.Release|x86.ActiveCfg = Release|x86
		{5D5BEA2A-3450-4C82-8526-7F0D4E1A3494}.Release|x86.Build.0 = Release|x86
		{5D5BEA2A-3450-4C82-8526-7F0D4E1A3494}.Release|x86.Deploy.0 = Release|x86
		{E6F71B6B-ECF9-4303-AFD0-1F02BCAAA83B}.Debug|Any CPU.ActiveCfg = Debug|Any CPU
		{E6F71B6B-ECF9-4303-AFD0-1F02BCAAA83B}.Debug|Any CPU.Build.0 = Debug|Any CPU
		{E6F71B6B-ECF9-4303-AFD0-1F02BCAAA83B}.Debug|ARM.ActiveCfg = Debug|Any CPU
		{E6F71B6B-ECF9-4303-AFD0-1F02BCAAA83B}.Debug|ARM.Build.0 = Debug|Any CPU
		{E6F71B6B-ECF9-4303-AFD0-1F02BCAAA83B}.Debug|ARM64.ActiveCfg = Debug|Any CPU
		{E6F71B6B-ECF9-4303-AFD0-1F02BCAAA83B}.Debug|ARM64.Build.0 = Debug|Any CPU
		{E6F71B6B-ECF9-4303-AFD0-1F02BCAAA83B}.Debug|x64.ActiveCfg = Debug|Any CPU
		{E6F71B6B-ECF9-4303-AFD0-1F02BCAAA83B}.Debug|x64.Build.0 = Debug|Any CPU
		{E6F71B6B-ECF9-4303-AFD0-1F02BCAAA83B}.Debug|x86.ActiveCfg = Debug|Any CPU
		{E6F71B6B-ECF9-4303-AFD0-1F02BCAAA83B}.Debug|x86.Build.0 = Debug|Any CPU
		{E6F71B6B-ECF9-4303-AFD0-1F02BCAAA83B}.Release|Any CPU.ActiveCfg = Release|Any CPU
		{E6F71B6B-ECF9-4303-AFD0-1F02BCAAA83B}.Release|Any CPU.Build.0 = Release|Any CPU
		{E6F71B6B-ECF9-4303-AFD0-1F02BCAAA83B}.Release|ARM.ActiveCfg = Release|Any CPU
		{E6F71B6B-ECF9-4303-AFD0-1F02BCAAA83B}.Release|ARM.Build.0 = Release|Any CPU
		{E6F71B6B-ECF9-4303-AFD0-1F02BCAAA83B}.Release|ARM64.ActiveCfg = Release|Any CPU
		{E6F71B6B-ECF9-4303-AFD0-1F02BCAAA83B}.Release|ARM64.Build.0 = Release|Any CPU
		{E6F71B6B-ECF9-4303-AFD0-1F02BCAAA83B}.Release|x64.ActiveCfg = Release|Any CPU
		{E6F71B6B-ECF9-4303-AFD0-1F02BCAAA83B}.Release|x64.Build.0 = Release|Any CPU
		{E6F71B6B-ECF9-4303-AFD0-1F02BCAAA83B}.Release|x86.ActiveCfg = Release|Any CPU
		{E6F71B6B-ECF9-4303-AFD0-1F02BCAAA83B}.Release|x86.Build.0 = Release|Any CPU
		{30FDD3F9-AADC-478E-9FF4-0D1890605A09}.Debug|Any CPU.ActiveCfg = Debug|x64
		{30FDD3F9-AADC-478E-9FF4-0D1890605A09}.Debug|Any CPU.Build.0 = Debug|x64
		{30FDD3F9-AADC-478E-9FF4-0D1890605A09}.Debug|Any CPU.Deploy.0 = Debug|x64
		{30FDD3F9-AADC-478E-9FF4-0D1890605A09}.Debug|ARM.ActiveCfg = Debug|ARM
		{30FDD3F9-AADC-478E-9FF4-0D1890605A09}.Debug|ARM.Build.0 = Debug|ARM
		{30FDD3F9-AADC-478E-9FF4-0D1890605A09}.Debug|ARM.Deploy.0 = Debug|ARM
		{30FDD3F9-AADC-478E-9FF4-0D1890605A09}.Debug|ARM64.ActiveCfg = Debug|ARM64
		{30FDD3F9-AADC-478E-9FF4-0D1890605A09}.Debug|ARM64.Build.0 = Debug|ARM64
		{30FDD3F9-AADC-478E-9FF4-0D1890605A09}.Debug|ARM64.Deploy.0 = Debug|ARM64
		{30FDD3F9-AADC-478E-9FF4-0D1890605A09}.Debug|x64.ActiveCfg = Debug|x64
		{30FDD3F9-AADC-478E-9FF4-0D1890605A09}.Debug|x64.Build.0 = Debug|x64
		{30FDD3F9-AADC-478E-9FF4-0D1890605A09}.Debug|x64.Deploy.0 = Debug|x64
		{30FDD3F9-AADC-478E-9FF4-0D1890605A09}.Debug|x86.ActiveCfg = Debug|x64
		{30FDD3F9-AADC-478E-9FF4-0D1890605A09}.Debug|x86.Build.0 = Debug|x64
		{30FDD3F9-AADC-478E-9FF4-0D1890605A09}.Debug|x86.Deploy.0 = Debug|x64
		{30FDD3F9-AADC-478E-9FF4-0D1890605A09}.Release|Any CPU.ActiveCfg = Release|x64
		{30FDD3F9-AADC-478E-9FF4-0D1890605A09}.Release|Any CPU.Build.0 = Release|x64
		{30FDD3F9-AADC-478E-9FF4-0D1890605A09}.Release|Any CPU.Deploy.0 = Release|x64
		{30FDD3F9-AADC-478E-9FF4-0D1890605A09}.Release|ARM.ActiveCfg = Release|ARM
		{30FDD3F9-AADC-478E-9FF4-0D1890605A09}.Release|ARM.Build.0 = Release|ARM
		{30FDD3F9-AADC-478E-9FF4-0D1890605A09}.Release|ARM.Deploy.0 = Release|ARM
		{30FDD3F9-AADC-478E-9FF4-0D1890605A09}.Release|ARM64.ActiveCfg = Release|ARM64
		{30FDD3F9-AADC-478E-9FF4-0D1890605A09}.Release|ARM64.Build.0 = Release|ARM64
		{30FDD3F9-AADC-478E-9FF4-0D1890605A09}.Release|ARM64.Deploy.0 = Release|ARM64
		{30FDD3F9-AADC-478E-9FF4-0D1890605A09}.Release|x64.ActiveCfg = Release|x64
		{30FDD3F9-AADC-478E-9FF4-0D1890605A09}.Release|x64.Build.0 = Release|x64
		{30FDD3F9-AADC-478E-9FF4-0D1890605A09}.Release|x64.Deploy.0 = Release|x64
		{30FDD3F9-AADC-478E-9FF4-0D1890605A09}.Release|x86.ActiveCfg = Release|x86
		{30FDD3F9-AADC-478E-9FF4-0D1890605A09}.Release|x86.Build.0 = Release|x86
		{30FDD3F9-AADC-478E-9FF4-0D1890605A09}.Release|x86.Deploy.0 = Release|x86
		{B0C347CD-E19D-4541-AFC3-BC079867FF26}.Debug|Any CPU.ActiveCfg = Debug|Any CPU
		{B0C347CD-E19D-4541-AFC3-BC079867FF26}.Debug|Any CPU.Build.0 = Debug|Any CPU
		{B0C347CD-E19D-4541-AFC3-BC079867FF26}.Debug|ARM.ActiveCfg = Debug|Any CPU
		{B0C347CD-E19D-4541-AFC3-BC079867FF26}.Debug|ARM.Build.0 = Debug|Any CPU
		{B0C347CD-E19D-4541-AFC3-BC079867FF26}.Debug|ARM64.ActiveCfg = Debug|Any CPU
		{B0C347CD-E19D-4541-AFC3-BC079867FF26}.Debug|ARM64.Build.0 = Debug|Any CPU
		{B0C347CD-E19D-4541-AFC3-BC079867FF26}.Debug|x64.ActiveCfg = Debug|Any CPU
		{B0C347CD-E19D-4541-AFC3-BC079867FF26}.Debug|x64.Build.0 = Debug|Any CPU
		{B0C347CD-E19D-4541-AFC3-BC079867FF26}.Debug|x86.ActiveCfg = Debug|Any CPU
		{B0C347CD-E19D-4541-AFC3-BC079867FF26}.Debug|x86.Build.0 = Debug|Any CPU
		{B0C347CD-E19D-4541-AFC3-BC079867FF26}.Release|Any CPU.ActiveCfg = Release|Any CPU
		{B0C347CD-E19D-4541-AFC3-BC079867FF26}.Release|Any CPU.Build.0 = Release|Any CPU
		{B0C347CD-E19D-4541-AFC3-BC079867FF26}.Release|ARM.ActiveCfg = Release|Any CPU
		{B0C347CD-E19D-4541-AFC3-BC079867FF26}.Release|ARM.Build.0 = Release|Any CPU
		{B0C347CD-E19D-4541-AFC3-BC079867FF26}.Release|ARM64.ActiveCfg = Release|Any CPU
		{B0C347CD-E19D-4541-AFC3-BC079867FF26}.Release|ARM64.Build.0 = Release|Any CPU
		{B0C347CD-E19D-4541-AFC3-BC079867FF26}.Release|x64.ActiveCfg = Release|Any CPU
		{B0C347CD-E19D-4541-AFC3-BC079867FF26}.Release|x64.Build.0 = Release|Any CPU
		{B0C347CD-E19D-4541-AFC3-BC079867FF26}.Release|x86.ActiveCfg = Release|Any CPU
		{B0C347CD-E19D-4541-AFC3-BC079867FF26}.Release|x86.Build.0 = Release|Any CPU
	EndGlobalSection
	GlobalSection(SolutionProperties) = preSolution
		HideSolutionNode = FALSE
	EndGlobalSection
	GlobalSection(ExtensibilityGlobals) = postSolution
		SolutionGuid = {FF66DFBA-C7AE-47EA-8304-9652DA45BB34}
	EndGlobalSection
EndGlobal
